
Microsoft Visual Studio Solution File, Format Version 12.00
# Visual Studio Version 16
VisualStudioVersion = 16.0.30717.126
MinimumVisualStudioVersion = 10.0.40219.1
Project("{FAE04EC0-301F-11D3-BF4B-00C04F79EFBC}") = "WebApiDemo", "WebApiDemo\WebApiDemo.csproj", "{9B46E083-8D1A-43F2-BD23-D4FC3D69F8B8}"
EndProject
Project("{FAE04EC0-301F-11D3-BF4B-00C04F79EFBC}") = "EmployeeDataAccess", "EmployeeDataAccess\EmployeeDataAccess.csproj", "{72AEDB7D-691E-4614-A6FF-69E08592DD9F}"
EndProject
Global
	GlobalSection(SolutionConfigurationPlatforms) = preSolution
		Debug|Any CPU = Debug|Any CPU
		Release|Any CPU = Release|Any CPU
	EndGlobalSection
	GlobalSection(ProjectConfigurationPlatforms) = postSolution
		{9B46E083-8D1A-43F2-BD23-D4FC3D69F8B8}.Debug|Any CPU.ActiveCfg = Debug|Any CPU
		{9B46E083-8D1A-43F2-BD23-D4FC3D69F8B8}.Debug|Any CPU.Build.0 = Debug|Any CPU
		{9B46E083-8D1A-43F2-BD23-D4FC3D69F8B8}.Release|Any CPU.ActiveCfg = Release|Any CPU
		{9B46E083-8D1A-43F2-BD23-D4FC3D69F8B8}.Release|Any CPU.Build.0 = Release|Any CPU
		{72AEDB7D-691E-4614-A6FF-69E08592DD9F}.Debug|Any CPU.ActiveCfg = Debug|Any CPU
		{72AEDB7D-691E-4614-A6FF-69E08592DD9F}.Debug|Any CPU.Build.0 = Debug|Any CPU
		{72AEDB7D-691E-4614-A6FF-69E08592DD9F}.Release|Any CPU.ActiveCfg = Release|Any CPU
		{72AEDB7D-691E-4614-A6FF-69E08592DD9F}.Release|Any CPU.Build.0 = Release|Any CPU
	EndGlobalSection
	GlobalSection(SolutionProperties) = preSolution
		HideSolutionNode = FALSE
	EndGlobalSection
	GlobalSection(ExtensibilityGlobals) = postSolution
		SolutionGuid = {EC7A11CE-6958-48B0-BCA6-9825A61F3488}
	EndGlobalSection
EndGlobal
